PODS:
  - WZRootNavigationController (0.2.0)

DEPENDENCIES:
  - WZRootNavigationController (from `../`)

EXTERNAL SOURCES:
  WZRootNavigationController:
    :path: "../"

SPEC CHECKSUMS:
  WZRootNavigationController: 2e70c375e59680ee46337f79b9f2c5ec7d07102d

PODFILE CHECKSUM: 5ca4f0e3a035723a68f78a472a0b9c35cdae1282

COCOAPODS: 1.12.1
